
Microsoft Visual Studio Solution File, Format Version 12.00
# Visual Studio Version 16
VisualStudioVersion = 16.0.30717.126
MinimumVisualStudioVersion = 10.0.40219.1
Project("{FAE04EC0-301F-11D3-BF4B-00C04F79EFBC}") = "EmployeeApp", "EmployeeApp\EmployeeApp.csproj", "{9920F0AE-9BA4-46EA-8C5E-02781F44298F}"
EndProject
Global
	GlobalSection(SolutionConfigurationPlatforms) = preSolution
		Debug|Any CPU = Debug|Any CPU
		Release|Any CPU = Release|Any CPU
	EndGlobalSection
	GlobalSection(ProjectConfigurationPlatforms) = postSolution
		{9920F0AE-9BA4-46EA-8C5E-02781F44298F}.Debug|Any CPU.ActiveCfg = Debug|Any CPU
		{9920F0AE-9BA4-46EA-8C5E-02781F44298F}.Debug|Any CPU.Build.0 = Debug|Any CPU
		{9920F0AE-9BA4-46EA-8C5E-02781F44298F}.Release|Any CPU.ActiveCfg = Release|Any CPU
		{9920F0AE-9BA4-46EA-8C5E-02781F44298F}.Release|Any CPU.Build.0 = Release|Any CPU
	EndGlobalSection
	GlobalSection(SolutionProperties) = preSolution
		HideSolutionNode = FALSE
	EndGlobalSection
	GlobalSection(ExtensibilityGlobals) = postSolution
		SolutionGuid = {731CB405-D784-4D1C-9D69-F539756A31E3}
	EndGlobalSection
EndGlobal
